// !$*UTF8*$!
{
	archiveVersion = 1;
	classes = {
	};
	objectVersion = 46;
	objects = {

/* Begin PBXBuildFile section */
		2A2CD2E21E4EBB6600F666B2 /* main.cpp in Sources */ = {isa = PBXBuildFile; fileRef = 2A2CD2E11E4EBB6600F666B2 /* main.cpp */; };
		2A2CD2EC1E4FEAD700F666B2 /* GHT.cpp in Sources */ = {isa = PBXBuildFile; fileRef = 2A2CD2EA1E4FEAD700F666B2 /* GHT.cpp */; };
		2A3475CE1E5785A40046E81F /* ObjectDetection.cpp in Sources */ = {isa = PBXBuildFile; fileRef = 2A3475CC1E5785A40046E81F /* ObjectDetection.cpp */; };
		2A3475D11E57916C0046E81F /* TableGenerator.cpp in Sources */ = {isa = PBXBuildFile; fileRef = 2A3475CF1E57916C0046E81F /* TableGenerator.cpp */; };
/* End PBXBuildFile section */

/* Begin PBXCopyFilesBuildPhase section */
		2A2CD2DC1E4EBB6600F666B2 /* CopyFiles */ = {
			isa = PBXCopyFilesBuildPhase;
			buildActionMask = 2147483647;
			dstPath = /usr/share/man/man1/;
			dstSubfolderSpec = 0;
			files = (
			);
			runOnlyForDeploymentPostprocessing = 1;
		};
/* End PBXCopyFilesBuildPhase section */

/* Begin PBXFileReference section */
		2A2CD2DE1E4EBB6600F666B2 /* GeneralHoughTransform */ = {isa = PBXFileReference; explicitFileType = "compiled.mach-o.executable"; includeInIndex = 0; path = GeneralHoughTransform; sourceTree = BUILT_PRODUCTS_DIR; };
		2A2CD2E11E4EBB6600F666B2 /* main.cpp */ = {isa = PBXFileReference; lastKnownFileType = sourcecode.cpp.cpp; path = main.cpp; sourceTree = "<group>"; };
		2A2CD2EA1E4FEAD700F666B2 /* GHT.cpp */ = {isa = PBXFileReference; fileEncoding = 4; lastKnownFileType = sourcecode.cpp.cpp; path = GHT.cpp; sourceTree = "<group>"; };
		2A2CD2EB1E4FEAD700F666B2 /* GHT.hpp */ = {isa = PBXFileReference; fileEncoding = 4; lastKnownFileType = sourcecode.cpp.h; path = GHT.hpp; sourceTree = "<group>"; };
		2A3475CC1E5785A40046E81F /* ObjectDetection.cpp */ = {isa = PBXFileReference; fileEncoding = 4; lastKnownFileType = sourcecode.cpp.cpp; path = ObjectDetection.cpp; sourceTree = "<group>"; };
		2A3475CD1E5785A40046E81F /* ObjectDetection.hpp */ = {isa = PBXFileReference; fileEncoding = 4; lastKnownFileType = sourcecode.cpp.h; path = ObjectDetection.hpp; sourceTree = "<group>"; };
		2A3475CF1E57916C0046E81F /* TableGenerator.cpp */ = {isa = PBXFileReference; fileEncoding = 4; lastKnownFileType = sourcecode.cpp.cpp; path = TableGenerator.cpp; sourceTree = "<group>"; };
		2A3475D01E57916C0046E81F /* TableGenerator.hpp */ = {isa = PBXFileReference; fileEncoding = 4; lastKnownFileType = sourcecode.cpp.h; path = TableGenerator.hpp; sourceTree = "<group>"; };
/* End PBXFileReference section */

/* Begin PBXFrameworksBuildPhase section */
		2A2CD2DB1E4EBB6600F666B2 /* Frameworks */ = {
			isa = PBXFrameworksBuildPhase;
			buildActionMask = 2147483647;
			files = (
			);
			runOnlyForDeploymentPostprocessing = 0;
		};
/* End PBXFrameworksBuildPhase section */

/* Begin PBXGroup section */
		2A2CD2D51E4EBB6600F666B2 = {
			isa = PBXGroup;
			children = (
				2A2CD2E01E4EBB6600F666B2 /* GeneralHoughTransform */,
				2A2CD2DF1E4EBB6600F666B2 /* Products */,
			);
			sourceTree = "<group>";
		};
		2A2CD2DF1E4EBB6600F666B2 /* Products */ = {
			isa = PBXGroup;
			children = (
				2A2CD2DE1E4EBB6600F666B2 /* GeneralHoughTransform */,
			);
			name = Products;
			sourceTree = "<group>";
		};
		2A2CD2E01E4EBB6600F666B2 /* GeneralHoughTransform */ = {
			isa = PBXGroup;
			children = (
				2A2CD2E11E4EBB6600F666B2 /* main.cpp */,
				2A3475CC1E5785A40046E81F /* ObjectDetection.cpp */,
				2A3475CD1E5785A40046E81F /* ObjectDetection.hpp */,
				2A3475CF1E57916C0046E81F /* TableGenerator.cpp */,
				2A3475D01E57916C0046E81F /* TableGenerator.hpp */,
				2A2CD2EA1E4FEAD700F666B2 /* GHT.cpp */,
				2A2CD2EB1E4FEAD700F666B2 /* GHT.hpp */,
			);
			path = GeneralHoughTransform;
			sourceTree = "<group>";
		};
/* End PBXGroup section */

/* Begin PBXNativeTarget section */
		2A2CD2DD1E4EBB6600F666B2 /* GeneralHoughTransform */ = {
			isa = PBXNativeTarget;
			buildConfigurationList = 2A2CD2E51E4EBB6600F666B2 /* Build configuration list for PBXNativeTarget "GeneralHoughTransform" */;
			buildPhases = (
				2A2CD2DA1E4EBB6600F666B2 /* Sources */,
				2A2CD2DB1E4EBB6600F666B2 /* Frameworks */,
				2A2CD2DC1E4EBB6600F666B2 /* CopyFiles */,
			);
			buildRules = (
			);
			dependencies = (
			);
			name = GeneralHoughTransform;
			productName = GeneralHoughTransform;
			productReference = 2A2CD2DE1E4EBB6600F666B2 /* GeneralHoughTransform */;
			productType = "com.apple.product-type.tool";
		};
/* End PBXNativeTarget section */

/* Begin PBXProject section */
		2A2CD2D61E4EBB6600F666B2 /* Project object */ = {
			isa = PBXProject;
			attributes = {
				LastUpgradeCheck = 0820;
				ORGANIZATIONNAME = "Kai Zhang";
				TargetAttributes = {
					2A2CD2DD1E4EBB6600F666B2 = {
						CreatedOnToolsVersion = 8.2.1;
						ProvisioningStyle = Automatic;
					};
				};
			};
			buildConfigurationList = 2A2CD2D91E4EBB6600F666B2 /* Build configuration list for PBXProject "GeneralHoughTransform" */;
			compatibilityVersion = "Xcode 3.2";
			developmentRegion = English;
			hasScannedForEncodings = 0;
			knownRegions = (
				en,
			);
			mainGroup = 2A2CD2D51E4EBB6600F666B2;
			productRefGroup = 2A2CD2DF1E4EBB6600F666B2 /* Products */;
			projectDirPath = "";
			projectRoot = "";
			targets = (
				2A2CD2DD1E4EBB6600F666B2 /* GeneralHoughTransform */,
			);
		};
/* End PBXProject section */

/* Begin PBXSourcesBuildPhase section */
		2A2CD2DA1E4EBB6600F666B2 /* Sources */ = {
			isa = PBXSourcesBuildPhase;
			buildActionMask = 2147483647;
			files = (
				2A3475CE1E5785A40046E81F /* ObjectDetection.cpp in Sources */,
				2A2CD2E21E4EBB6600F666B2 /* main.cpp in Sources */,
				2A3475D11E57916C0046E81F /* TableGenerator.cpp in Sources */,
				2A2CD2EC1E4FEAD700F666B2 /* GHT.cpp in Sources */,
			);
			runOnlyForDeploymentPostprocessing = 0;
		};
/* End PBXSourcesBuildPhase section */

/* Begin XCBuildConfiguration section */
		2A2CD2E31E4EBB6600F666B2 /* Debug */ = {
			isa = XCBuildConfiguration;
			buildSettings = {
				ALWAYS_SEARCH_USER_PATHS = YES;
				CLANG_ANALYZER_NONNULL = YES;
				CLANG_CXX_LANGUAGE_STANDARD = "gnu++0x";
				CLANG_CXX_LIBRARY = "libc++";
				CLANG_ENABLE_MODULES = YES;
				CLANG_ENABLE_OBJC_ARC = YES;
				CLANG_WARN_BOOL_CONVERSION = YES;
				CLANG_WARN_CONSTANT_CONVERSION = YES;
				CLANG_WARN_DIRECT_OBJC_ISA_USAGE = YES_ERROR;
				CLANG_WARN_DOCUMENTATION_COMMENTS = YES;
				CLANG_WARN_EMPTY_BODY = YES;
				CLANG_WARN_ENUM_CONVERSION = YES;
				CLANG_WARN_INFINITE_RECURSION = YES;
				CLANG_WARN_INT_CONVERSION = YES;
				CLANG_WARN_OBJC_ROOT_CLASS = YES_ERROR;
				CLANG_WARN_SUSPICIOUS_MOVE = YES;
				CLANG_WARN_UNREACHABLE_CODE = YES;
				CLANG_WARN__DUPLICATE_METHOD_MATCH = YES;
				CODE_SIGN_IDENTITY = "-";
				COPY_PHASE_STRIP = NO;
				DEBUG_INFORMATION_FORMAT = dwarf;
				ENABLE_STRICT_OBJC_MSGSEND = YES;
				ENABLE_TESTABILITY = YES;
				GCC_C_LANGUAGE_STANDARD = gnu99;
				GCC_DYNAMIC_NO_PIC = NO;
				GCC_NO_COMMON_BLOCKS = YES;
				GCC_OPTIMIZATION_LEVEL = 0;
				GCC_PREPROCESSOR_DEFINITIONS = (
					"DEBUG=1",
					"$(inherited)",
				);
				GCC_WARN_64_TO_32_BIT_CONVERSION = YES;
				GCC_WARN_ABOUT_RETURN_TYPE = YES_ERROR;
				GCC_WARN_UNDECLARED_SELECTOR = YES;
				GCC_WARN_UNINITIALIZED_AUTOS = YES_AGGRESSIVE;
				GCC_WARN_UNUSED_FUNCTION = YES;
				GCC_WARN_UNUSED_VARIABLE = YES;
				HEADER_SEARCH_PATHS = (
					/usr/local/include,
					/Applications/Xcode.app/Contents/Developer/Platforms/MacOSX.platform/Developer/SDKs/MacOSX.sdk/usr/include,
				);
				LIBRARY_SEARCH_PATHS = /usr/local/lib;
				MACOSX_DEPLOYMENT_TARGET = 10.12;
				MTL_ENABLE_DEBUG_INFO = YES;
				ONLY_ACTIVE_ARCH = YES;
				OTHER_LDFLAGS = (
					"-lopencv_calib3d",
					"-lopencv_features2d",
					"-lopencv_core",
					"-lopencv_flann",
					"-lopencv_highgui",
					"-lopencv_imgcodecs",
					"-lopencv_imgproc",
					"-lopencv_ml",
					"-lopencv_objdetect",
					"-lopencv_photo",
					"-lopencv_shape",
					"-lopencv_stitching",
					"-lopencv_superres",
					"-lopencv_video",
					"-lopencv_videoio",
					"-lopencv_videostab",
				);
				SDKROOT = macosx;
			};
			name = Debug;
		};
		2A2CD2E41E4EBB6600F666B2 /* Release */ = {
			isa = XCBuildConfiguration;
			buildSettings = {
				ALWAYS_SEARCH_USER_PATHS = YES;
				CLANG_ANALYZER_NONNULL = YES;
				CLANG_CXX_LANGUAGE_STANDARD = "gnu++0x";
				CLANG_CXX_LIBRARY = "libc++";
				CLANG_ENABLE_MODULES = YES;
				CLANG_ENABLE_OBJC_ARC = YES;
				CLANG_WARN_BOOL_CONVERSION = YES;
				CLANG_WARN_CONSTANT_CONVERSION = YES;
				CLANG_WARN_DIRECT_OBJC_ISA_USAGE = YES_ERROR;
				CLANG_WARN_DOCUMENTATION_COMMENTS = YES;
				CLANG_WARN_EMPTY_BODY = YES;
				CLANG_WARN_ENUM_CONVERSION = YES;
				CLANG_WARN_INFINITE_RECURSION = YES;
				CLANG_WARN_INT_CONVERSION = YES;
				CLANG_WARN_OBJC_ROOT_CLASS = YES_ERROR;
				CLANG_WARN_SUSPICIOUS_MOVE = YES;
				CLANG_WARN_UNREACHABLE_CODE = YES;
				CLANG_WARN__DUPLICATE_METHOD_MATCH = YES;
				CODE_SIGN_IDENTITY = "-";
				COPY_PHASE_STRIP = NO;
				DEBUG_INFORMATION_FORMAT = "dwarf-with-dsym";
				ENABLE_NS_ASSERTIONS = NO;
				ENABLE_STRICT_OBJC_MSGSEND = YES;
				GCC_C_LANGUAGE_STANDARD = gnu99;
				GCC_NO_COMMON_BLOCKS = YES;
				GCC_WARN_64_TO_32_BIT_CONVERSION = YES;
				GCC_WARN_ABOUT_RETURN_TYPE = YES_ERROR;
				GCC_WARN_UNDECLARED_SELECTOR = YES;
				GCC_WARN_UNINITIALIZED_AUTOS = YES_AGGRESSIVE;
				GCC_WARN_UNUSED_FUNCTION = YES;
				GCC_WARN_UNUSED_VARIABLE = YES;
				HEADER_SEARCH_PATHS = (
					/usr/local/include,
					/Applications/Xcode.app/Contents/Developer/Platforms/MacOSX.platform/Developer/SDKs/MacOSX.sdk/usr/include,
				);
				LIBRARY_SEARCH_PATHS = /usr/local/lib;
				MACOSX_DEPLOYMENT_TARGET = 10.12;
				MTL_ENABLE_DEBUG_INFO = NO;
				OTHER_LDFLAGS = (
					"-lopencv_calib3d",
					"-lopencv_features2d",
					"-lopencv_core",
					"-lopencv_flann",
					"-lopencv_highgui",
					"-lopencv_imgcodecs",
					"-lopencv_imgproc",
					"-lopencv_ml",
					"-lopencv_objdetect",
					"-lopencv_photo",
					"-lopencv_shape",
					"-lopencv_stitching",
					"-lopencv_superres",
					"-lopencv_video",
					"-lopencv_videoio",
					"-lopencv_videostab",
				);
				SDKROOT = macosx;
			};
			name = Release;
		};
		2A2CD2E61E4EBB6600F666B2 /* Debug */ = {
			isa = XCBuildConfiguration;
			buildSettings = {
				PRODUCT_NAME = "$(TARGET_NAME)";
			};
			name = Debug;
		};
		2A2CD2E71E4EBB6600F666B2 /* Release */ = {
			isa = XCBuildConfiguration;
			buildSettings = {
				PRODUCT_NAME = "$(TARGET_NAME)";
			};
			name = Release;
		};
/* End XCBuildConfiguration section */

/* Begin XCConfigurationList section */
		2A2CD2D91E4EBB6600F666B2 /* Build configuration list for PBXProject "GeneralHoughTransform" */ = {
			isa = XCConfigurationList;
			buildConfigurations = (
				2A2CD2E31E4EBB6600F666B2 /* Debug */,
				2A2CD2E41E4EBB6600F666B2 /* Release */,
			);
			defaultConfigurationIsVisible = 0;
			defaultConfigurationName = Release;
		};
		2A2CD2E51E4EBB6600F666B2 /* Build configuration list for PBXNativeTarget "GeneralHoughTransform" */ = {
			isa = XCConfigurationList;
			buildConfigurations = (
				2A2CD2E61E4EBB6600F666B2 /* Debug */,
				2A2CD2E71E4EBB6600F666B2 /* Release */,
			);
			defaultConfigurationIsVisible = 0;
			defaultConfigurationName = Release;
		};
/* End XCConfigurationList section */
	};
	rootObject = 2A2CD2D61E4EBB6600F666B2 /* Project object */;
}
